{
  "nodes": {
    "home-manager": {
      "inputs": {
        "nixpkgs": [
          "nixpkgs"
        ]
      },
      "locked": {
        "lastModified": 1790996401,
        "narHash": "sha256-f+kOxEmOUnQazVAmGg0i8hzwgd1kX/geY+k/Dpheye8=",
        "rev": "db7d5e2332710f5abb088f6b5de927d7f9511b35",
        "revCount": 6838,
        "type": "tarball",
        "url": "https://api.flakehub.com/f/pinned/nix-community/home-manager/0.2605.6838%2Brev-db7d5e2332710f5abb088f6b5de927d7f9511b35/01a0ffcd-4637-7ac2-a3cd-7961468dc915/source.tar.gz"
      },
      "original": {
        "type": "tarball",
        "url": "https://flakehub.com/f/nix-community/home-manager/0.2605.%2A"
      }
    },
    "nix4vscode": {
      "inputs": {
        "nixpkgs": [
          "nixpkgs"
        ],
        "systems": "systems"
      },
      "locked": {
        "lastModified": 1786415609,
        "narHash": "sha256-rCemz9DKRRxgAU0OdxBelLwcqireNytlltdD2TAx2ds=",
        "owner": "nix-community",
        "repo": "nix4vscode",
        "rev": "740c61687b5c0333b26cd7b5df422e57de5e362c",
        "type": "github"
      },
      "original": {
        "owner": "nix-community",
        "repo": "nix4vscode",
        "type": "github"
      }
    },
    "nixpkgs": {
      "locked": {
        "lastModified": 1790920529,
        "narHash": "sha256-nQyFkMR78WP6PiXKkDW2SjqzLf/spQqjRuxRGSbcV8k=",
        "rev": "774debe7a0d1b496e35677ad955a1011c6ff74f3",
        "revCount": 1015336,
        "type": "tarball",
        "url": "https://api.flakehub.com/f/pinned/NixOS/nixpkgs/0.2605.1015336%2Brev-774debe7a0d1b496e35677ad955a1011c6ff74f3/01a0fdb4-e493-7812-bab4-ef8e5029af88/source.tar.gz"
      },
      "original": {
        "type": "tarball",
        "url": "https://flakehub.com/f/NixOS/nixpkgs/0"
      }
    },
    "nixpkgs-darwin-x64": {
      "locked": {
        "lastModified": 1788334797,
        "narHash": "sha256-nskSa8kDimM7F0VFSP8IdoSNo4G0vKzOtxwvOFpoGDI=",
        "owner": "NixOS",
        "repo": "nixpkgs",
        "rev": "c19db427a1fdfc7591c0b0baeb4665dcef2c61da",
        "type": "github"
      },
      "original": {
        "owner": "NixOS",
        "ref": "nixpkgs-26.05-darwin",
        "repo": "nixpkgs",
        "type": "github"
      }
    },
    "nixpkgs-unstable": {
      "locked": {
        "lastModified": 1791260994,
        "narHash": "sha256-Miqqk/ammqnTUxaoCyvtwoPeLbI1ksFyLxi/CazZpWY=",
        "rev": "151fa4e8ddfdd8dd25d945ad94ed54a13de9f6e4",
        "revCount": 1086391,
        "type": "tarball",
        "url": "https://api.flakehub.com/f/pinned/NixOS/nixpkgs/0.1.1086391%2Brev-151fa4e8ddfdd8dd25d945ad94ed54a13de9f6e4/01a11093-232b-73b3-a9d0-859cd3039a86/source.tar.gz"
      },
      "original": {
        "type": "tarball",
        "url": "https://flakehub.com/f/NixOS/nixpkgs/0.1"
      }
    },
    "pi": {
      "inputs": {
        "nixpkgs": [
          "nixpkgs"
        ],
        "nixpkgs-darwin-x64": "nixpkgs-darwin-x64"
      },
      "locked": {
        "lastModified": 1791408813,
        "narHash": "sha256-lwjspkMGrW+8Fl/yBEDEFsHZJA57OKOhmVQmi6zfej4=",
        "owner": "earendil-works",
        "repo": "pi",
        "rev": "abe508e1b89912adde45528136c3221eb69acdd7",
        "type": "github"
      },
      "original": {
        "owner": "earendil-works",
        "ref": "stable",
        "repo": "pi",
        "type": "github"
      }
    },
    "root": {
      "inputs": {
        "home-manager": "home-manager",
        "nix4vscode": "nix4vscode",
        "nixpkgs": "nixpkgs",
        "nixpkgs-unstable": "nixpkgs-unstable",
        "pi": "pi"
      }
    },
    "systems": {
      "flake": false,
      "locked": {
        "lastModified": 1681028828,
        "narHash": "sha256-Vy1rq5AaRuLzOxct8nz4T6wlgyUR7zLU309k9mBC768=",
        "owner": "nix-systems",
        "repo": "default",
        "rev": "da67096a3b9bf56a91d16901293e51ba5b49a27e",
        "type": "github"
      },
      "original": {
        "owner": "nix-systems",
        "repo": "default",
        "type": "github"
      }
    }
  },
  "root": "root",
  "version": 7
}
